// !$*UTF8*$!
{
	archiveVersion = 1;
	classes = {
	};
	objectVersion = 56;
	objects = {

/* Begin PBXBuildFile section */
		FAA791712AC52EAA004DFC1F /* Assets.xcassets in Resources */ = {isa = PBXBuildFile; fileRef = FAA791702AC52EAA004DFC1F /* Assets.xcassets */; };
		FAA791742AC52EAA004DFC1F /* LaunchScreen.storyboard in Resources */ = {isa = PBXBuildFile; fileRef = FAA791722AC52EAA004DFC1F /* LaunchScreen.storyboard */; };
		FAA7917F2AC52EAB004DFC1F /* ZLCollectionLeftLayoutExampleTests.swift in Sources */ = {isa = PBXBuildFile; fileRef = FAA7917E2AC52EAB004DFC1F /* ZLCollectionLeftLayoutExampleTests.swift */; };
		FAA791892AC52EAB004DFC1F /* ZLCollectionLeftLayoutExampleUITests.swift in Sources */ = {isa = PBXBuildFile; fileRef = FAA791882AC52EAB004DFC1F /* ZLCollectionLeftLayoutExampleUITests.swift */; };
		FAA7918B2AC52EAB004DFC1F /* ZLCollectionLeftLayoutExampleUITestsLaunchTests.swift in Sources */ = {isa = PBXBuildFile; fileRef = FAA7918A2AC52EAB004DFC1F /* ZLCollectionLeftLayoutExampleUITestsLaunchTests.swift */; };
		FAA791992AC52F20004DFC1F /* MainCell.swift in Sources */ = {isa = PBXBuildFile; fileRef = FAA791972AC52F20004DFC1F /* MainCell.swift */; };
		FAA7919A2AC52F20004DFC1F /* MainView.swift in Sources */ = {isa = PBXBuildFile; fileRef = FAA791982AC52F20004DFC1F /* MainView.swift */; };
		FAA7919D2AC52F6A004DFC1F /* AppDelegate.swift in Sources */ = {isa = PBXBuildFile; fileRef = FAA7919B2AC52F6A004DFC1F /* AppDelegate.swift */; };
		FAA7919E2AC52F6A004DFC1F /* ViewController.swift in Sources */ = {isa = PBXBuildFile; fileRef = FAA7919C2AC52F6A004DFC1F /* ViewController.swift */; };
		FAA791A12AC52F97004DFC1F /* ZLCollectionLeftAlignLayout.swift in Sources */ = {isa = PBXBuildFile; fileRef = FAA791A02AC52F97004DFC1F /* ZLCollectionLeftAlignLayout.swift */; };
/* End PBXBuildFile section */

/* Begin PBXContainerItemProxy section */
		FAA7917B2AC52EAB004DFC1F /* PBXContainerItemProxy */ = {
			isa = PBXContainerItemProxy;
			containerPortal = FAA7915C2AC52EA9004DFC1F /* Project object */;
			proxyType = 1;
			remoteGlobalIDString = FAA791632AC52EA9004DFC1F;
			remoteInfo = ZLCollectionLeftLayoutExample;
		};
		FAA791852AC52EAB004DFC1F /* PBXContainerItemProxy */ = {
			isa = PBXContainerItemProxy;
			containerPortal = FAA7915C2AC52EA9004DFC1F /* Project object */;
			proxyType = 1;
			remoteGlobalIDString = FAA791632AC52EA9004DFC1F;
			remoteInfo = ZLCollectionLeftLayoutExample;
		};
/* End PBXContainerItemProxy section */

/* Begin PBXFileReference section */
		FAA791642AC52EA9004DFC1F /* ZLCollectionLeftLayoutExample.app */ = {isa = PBXFileReference; explicitFileType = wrapper.application; includeInIndex = 0; path = ZLCollectionLeftLayoutExample.app; sourceTree = BUILT_PRODUCTS_DIR; };
		FAA791702AC52EAA004DFC1F /* Assets.xcassets */ = {isa = PBXFileReference; lastKnownFileType = folder.assetcatalog; path = Assets.xcassets; sourceTree = "<group>"; };
		FAA791732AC52EAA004DFC1F /* Base */ = {isa = PBXFileReference; lastKnownFileType = file.storyboard; name = Base; path = Base.lproj/LaunchScreen.storyboard; sourceTree = "<group>"; };
		FAA791752AC52EAA004DFC1F /* Info.plist */ = {isa = PBXFileReference; lastKnownFileType = text.plist.xml; path = Info.plist; sourceTree = "<group>"; };
		FAA7917A2AC52EAB004DFC1F /* ZLCollectionLeftLayoutExampleTests.xctest */ = {isa = PBXFileReference; explicitFileType = wrapper.cfbundle; includeInIndex = 0; path = ZLCollectionLeftLayoutExampleTests.xctest; sourceTree = BUILT_PRODUCTS_DIR; };
		FAA7917E2AC52EAB004DFC1F /* ZLCollectionLeftLayoutExampleTests.swift */ = {isa = PBXFileReference; lastKnownFileType = sourcecode.swift; path = ZLCollectionLeftLayoutExampleTests.swift; sourceTree = "<group>"; };
		FAA791842AC52EAB004DFC1F /* ZLCollectionLeftLayoutExampleUITests.xctest */ = {isa = PBXFileReference; explicitFileType = wrapper.cfbundle; includeInIndex = 0; path = ZLCollectionLeftLayoutExampleUITests.xctest; sourceTree = BUILT_PRODUCTS_DIR; };
		FAA791882AC52EAB004DFC1F /* ZLCollectionLeftLayoutExampleUITests.swift */ = {isa = PBXFileReference; lastKnownFileType = sourcecode.swift; path = ZLCollectionLeftLayoutExampleUITests.swift; sourceTree = "<group>"; };
		FAA7918A2AC52EAB004DFC1F /* ZLCollectionLeftLayoutExampleUITestsLaunchTests.swift */ = {isa = PBXFileReference; lastKnownFileType = sourcecode.swift; path = ZLCollectionLeftLayoutExampleUITestsLaunchTests.swift; sourceTree = "<group>"; };
		FAA791972AC52F20004DFC1F /* MainCell.swift */ = {isa = PBXFileReference; fileEncoding = 4; lastKnownFileType = sourcecode.swift; path = MainCell.swift; sourceTree = "<group>"; };
		FAA791982AC52F20004DFC1F /* MainView.swift */ = {isa = PBXFileReference; fileEncoding = 4; lastKnownFileType = sourcecode.swift; path = MainView.swift; sourceTree = "<group>"; };
		FAA7919B2AC52F6A004DFC1F /* AppDelegate.swift */ = {isa = PBXFileReference; fileEncoding = 4; lastKnownFileType = sourcecode.swift; path = AppDelegate.swift; sourceTree = "<group>"; };
		FAA7919C2AC52F6A004DFC1F /* ViewController.swift */ = {isa = PBXFileReference; fileEncoding = 4; lastKnownFileType = sourcecode.swift; path = ViewController.swift; sourceTree = "<group>"; };
		FAA791A02AC52F97004DFC1F /* ZLCollectionLeftAlignLayout.swift */ = {isa = PBXFileReference; fileEncoding = 4; lastKnownFileType = sourcecode.swift; path = ZLCollectionLeftAlignLayout.swift; sourceTree = "<group>"; };
/* End PBXFileReference section */

/* Begin PBXFrameworksBuildPhase section */
		FAA791612AC52EA9004DFC1F /* Frameworks */ = {
			isa = PBXFrameworksBuildPhase;
			buildActionMask = 2147483647;
			files = (
			);
			runOnlyForDeploymentPostprocessing = 0;
		};
		FAA791772AC52EAB004DFC1F /* Frameworks */ = {
			isa = PBXFrameworksBuildPhase;
			buildActionMask = 2147483647;
			files = (
			);
			runOnlyForDeploymentPostprocessing = 0;
		};
		FAA791812AC52EAB004DFC1F /* Frameworks */ = {
			isa = PBXFrameworksBuildPhase;
			buildActionMask = 2147483647;
			files = (
			);
			runOnlyForDeploymentPostprocessing = 0;
		};
/* End PBXFrameworksBuildPhase section */

/* Begin PBXGroup section */
		FAA7915B2AC52EA9004DFC1F = {
			isa = PBXGroup;
			children = (
				FAA791662AC52EAA004DFC1F /* ZLCollectionLeftLayoutExample */,
				FAA7917D2AC52EAB004DFC1F /* ZLCollectionLeftLayoutExampleTests */,
				FAA791872AC52EAB004DFC1F /* ZLCollectionLeftLayoutExampleUITests */,
				FAA791652AC52EA9004DFC1F /* Products */,
			);
			sourceTree = "<group>";
		};
		FAA791652AC52EA9004DFC1F /* Products */ = {
			isa = PBXGroup;
			children = (
				FAA791642AC52EA9004DFC1F /* ZLCollectionLeftLayoutExample.app */,
				FAA7917A2AC52EAB004DFC1F /* ZLCollectionLeftLayoutExampleTests.xctest */,
				FAA791842AC52EAB004DFC1F /* ZLCollectionLeftLayoutExampleUITests.xctest */,
			);
			name = Products;
			sourceTree = "<group>";
		};
		FAA791662AC52EAA004DFC1F /* ZLCollectionLeftLayoutExample */ = {
			isa = PBXGroup;
			children = (
				FAA7919F2AC52F97004DFC1F /* ZLCollectionLeftLayout */,
				FAA7919B2AC52F6A004DFC1F /* AppDelegate.swift */,
				FAA7919C2AC52F6A004DFC1F /* ViewController.swift */,
				FAA791972AC52F20004DFC1F /* MainCell.swift */,
				FAA791982AC52F20004DFC1F /* MainView.swift */,
				FAA791702AC52EAA004DFC1F /* Assets.xcassets */,
				FAA791722AC52EAA004DFC1F /* LaunchScreen.storyboard */,
				FAA791752AC52EAA004DFC1F /* Info.plist */,
			);
			path = ZLCollectionLeftLayoutExample;
			sourceTree = "<group>";
		};
		FAA7917D2AC52EAB004DFC1F /* ZLCollectionLeftLayoutExampleTests */ = {
			isa = PBXGroup;
			children = (
				FAA7917E2AC52EAB004DFC1F /* ZLCollectionLeftLayoutExampleTests.swift */,
			);
			path = ZLCollectionLeftLayoutExampleTests;
			sourceTree = "<group>";
		};
		FAA791872AC52EAB004DFC1F /* ZLCollectionLeftLayoutExampleUITests */ = {
			isa = PBXGroup;
			children = (
				FAA791882AC52EAB004DFC1F /* ZLCollectionLeftLayoutExampleUITests.swift */,
				FAA7918A2AC52EAB004DFC1F /* ZLCollectionLeftLayoutExampleUITestsLaunchTests.swift */,
			);
			path = ZLCollectionLeftLayoutExampleUITests;
			sourceTree = "<group>";
		};
		FAA7919F2AC52F97004DFC1F /* ZLCollectionLeftLayout */ = {
			isa = PBXGroup;
			children = (
				FAA791A02AC52F97004DFC1F /* ZLCollectionLeftAlignLayout.swift */,
			);
			name = ZLCollectionLeftLayout;
			path = ../../ZLCollectionLeftLayout;
			sourceTree = "<group>";
		};
/* End PBXGroup section */

/* Begin PBXNativeTarget section */
		FAA791632AC52EA9004DFC1F /* ZLCollectionLeftLayoutExample */ = {
			isa = PBXNativeTarget;
			buildConfigurationList = FAA7918E2AC52EAB004DFC1F /* Build configuration list for PBXNativeTarget "ZLCollectionLeftLayoutExample" */;
			buildPhases = (
				FAA791602AC52EA9004DFC1F /* Sources */,
				FAA791612AC52EA9004DFC1F /* Frameworks */,
				FAA791622AC52EA9004DFC1F /* Resources */,
			);
			buildRules = (
			);
			dependencies = (
			);
			name = ZLCollectionLeftLayoutExample;
			productName = ZLCollectionLeftLayoutExample;
			productReference = FAA791642AC52EA9004DFC1F /* ZLCollectionLeftLayoutExample.app */;
			productType = "com.apple.product-type.application";
		};
		FAA791792AC52EAB004DFC1F /* ZLCollectionLeftLayoutExampleTests */ = {
			isa = PBXNativeTarget;
			buildConfigurationList = FAA791912AC52EAB004DFC1F /* Build configuration list for PBXNativeTarget "ZLCollectionLeftLayoutExampleTests" */;
			buildPhases = (
				FAA791762AC52EAB004DFC1F /* Sources */,
				FAA791772AC52EAB004DFC1F /* Frameworks */,
				FAA791782AC52EAB004DFC1F /* Resources */,
			);
			buildRules = (
			);
			dependencies = (
				FAA7917C2AC52EAB004DFC1F /* PBXTargetDependency */,
			);
			name = ZLCollectionLeftLayoutExampleTests;
			productName = ZLCollectionLeftLayoutExampleTests;
			productReference = FAA7917A2AC52EAB004DFC1F /* ZLCollectionLeftLayoutExampleTests.xctest */;
			productType = "com.apple.product-type.bundle.unit-test";
		};
		FAA791832AC52EAB004DFC1F /* ZLCollectionLeftLayoutExampleUITests */ = {
			isa = PBXNativeTarget;
			buildConfigurationList = FAA791942AC52EAB004DFC1F /* Build configuration list for PBXNativeTarget "ZLCollectionLeftLayoutExampleUITests" */;
			buildPhases = (
				FAA791802AC52EAB004DFC1F /* Sources */,
				FAA791812AC52EAB004DFC1F /* Frameworks */,
				FAA791822AC52EAB004DFC1F /* Resources */,
			);
			buildRules = (
			);
			dependencies = (
				FAA791862AC52EAB004DFC1F /* PBXTargetDependency */,
			);
			name = ZLCollectionLeftLayoutExampleUITests;
			productName = ZLCollectionLeftLayoutExampleUITests;
			productReference = FAA791842AC52EAB004DFC1F /* ZLCollectionLeftLayoutExampleUITests.xctest */;
			productType = "com.apple.product-type.bundle.ui-testing";
		};
/* End PBXNativeTarget section */

/* Begin PBXProject section */
		FAA7915C2AC52EA9004DFC1F /* Project object */ = {
			isa = PBXProject;
			attributes = {
				BuildIndependentTargetsInParallel = 1;
				LastSwiftUpdateCheck = 1420;
				LastUpgradeCheck = 1420;
				TargetAttributes = {
					FAA791632AC52EA9004DFC1F = {
						CreatedOnToolsVersion = 14.2;
					};
					FAA791792AC52EAB004DFC1F = {
						CreatedOnToolsVersion = 14.2;
						TestTargetID = FAA791632AC52EA9004DFC1F;
					};
					FAA791832AC52EAB004DFC1F = {
						CreatedOnToolsVersion = 14.2;
						TestTargetID = FAA791632AC52EA9004DFC1F;
					};
				};
			};
			buildConfigurationList = FAA7915F2AC52EA9004DFC1F /* Build configuration list for PBXProject "ZLCollectionLeftLayoutExample" */;
			compatibilityVersion = "Xcode 14.0";
			developmentRegion = en;
			hasScannedForEncodings = 0;
			knownRegions = (
				en,
				Base,
			);
			mainGroup = FAA7915B2AC52EA9004DFC1F;
			productRefGroup = FAA791652AC52EA9004DFC1F /* Products */;
			projectDirPath = "";
			projectRoot = "";
			targets = (
				FAA791632AC52EA9004DFC1F /* ZLCollectionLeftLayoutExample */,
				FAA791792AC52EAB004DFC1F /* ZLCollectionLeftLayoutExampleTests */,
				FAA791832AC52EAB004DFC1F /* ZLCollectionLeftLayoutExampleUITests */,
			);
		};
/* End PBXProject section */

/* Begin PBXResourcesBuildPhase section */
		FAA791622AC52EA9004DFC1F /* Resources */ = {
			isa = PBXResourcesBuildPhase;
			buildActionMask = 2147483647;
			files = (
				FAA791742AC52EAA004DFC1F /* LaunchScreen.storyboard in Resources */,
				FAA791712AC52EAA004DFC1F /* Assets.xcassets in Resources */,
			);
			runOnlyForDeploymentPostprocessing = 0;
		};
		FAA791782AC52EAB004DFC1F /* Resources */ = {
			isa = PBXResourcesBuildPhase;
			buildActionMask = 2147483647;
			files = (
			);
			runOnlyForDeploymentPostprocessing = 0;
		};
		FAA791822AC52EAB004DFC1F /* Resources */ = {
			isa = PBXResourcesBuildPhase;
			buildActionMask = 2147483647;
			files = (
			);
			runOnlyForDeploymentPostprocessing = 0;
		};
/* End PBXResourcesBuildPhase section */

/* Begin PBXSourcesBuildPhase section */
		FAA791602AC52EA9004DFC1F /* Sources */ = {
			isa = PBXSourcesBuildPhase;
			buildActionMask = 2147483647;
			files = (
				FAA7919D2AC52F6A004DFC1F /* AppDelegate.swift in Sources */,
				FAA7919A2AC52F20004DFC1F /* MainView.swift in Sources */,
				FAA7919E2AC52F6A004DFC1F /* ViewController.swift in Sources */,
				FAA791992AC52F20004DFC1F /* MainCell.swift in Sources */,
				FAA791A12AC52F97004DFC1F /* ZLCollectionLeftAlignLayout.swift in Sources */,
			);
			runOnlyForDeploymentPostprocessing = 0;
		};
		FAA791762AC52EAB004DFC1F /* Sources */ = {
			isa = PBXSourcesBuildPhase;
			buildActionMask = 2147483647;
			files = (
				FAA7917F2AC52EAB004DFC1F /* ZLCollectionLeftLayoutExampleTests.swift in Sources */,
			);
			runOnlyForDeploymentPostprocessing = 0;
		};
		FAA791802AC52EAB004DFC1F /* Sources */ = {
			isa = PBXSourcesBuildPhase;
			buildActionMask = 2147483647;
			files = (
				FAA7918B2AC52EAB004DFC1F /* ZLCollectionLeftLayoutExampleUITestsLaunchTests.swift in Sources */,
				FAA791892AC52EAB004DFC1F /* ZLCollectionLeftLayoutExampleUITests.swift in Sources */,
			);
			runOnlyForDeploymentPostprocessing = 0;
		};
/* End PBXSourcesBuildPhase section */

/* Begin PBXTargetDependency section */
		FAA7917C2AC52EAB004DFC1F /* PBXTargetDependency */ = {
			isa = PBXTargetDependency;
			target = FAA791632AC52EA9004DFC1F /* ZLCollectionLeftLayoutExample */;
			targetProxy = FAA7917B2AC52EAB004DFC1F /* PBXContainerItemProxy */;
		};
		FAA791862AC52EAB004DFC1F /* PBXTargetDependency */ = {
			isa = PBXTargetDependency;
			target = FAA791632AC52EA9004DFC1F /* ZLCollectionLeftLayoutExample */;
			targetProxy = FAA791852AC52EAB004DFC1F /* PBXContainerItemProxy */;
		};
/* End PBXTargetDependency section */

/* Begin PBXVariantGroup section */
		FAA791722AC52EAA004DFC1F /* LaunchScreen.storyboard */ = {
			isa = PBXVariantGroup;
			children = (
				FAA791732AC52EAA004DFC1F /* Base */,
			);
			name = LaunchScreen.storyboard;
			sourceTree = "<group>";
		};
/* End PBXVariantGroup section */

/* Begin XCBuildConfiguration section */
		FAA7918C2AC52EAB004DFC1F /* Debug */ = {
			isa = XCBuildConfiguration;
			buildSettings = {
				ALWAYS_SEARCH_USER_PATHS = NO;
				CLANG_ANALYZER_NONNULL = YES;
				CLANG_ANALYZER_NUMBER_OBJECT_CONVERSION = YES_AGGRESSIVE;
				CLANG_CXX_LANGUAGE_STANDARD = "gnu++20";
				CLANG_ENABLE_MODULES = YES;
				CLANG_ENABLE_OBJC_ARC = YES;
				CLANG_ENABLE_OBJC_WEAK = YES;
				CLANG_WARN_BLOCK_CAPTURE_AUTORELEASING = YES;
				CLANG_WARN_BOOL_CONVERSION = YES;
				CLANG_WARN_COMMA = YES;
				CLANG_WARN_CONSTANT_CONVERSION = YES;
				CLANG_WARN_DEPRECATED_OBJC_IMPLEMENTATIONS = YES;
				CLANG_WARN_DIRECT_OBJC_ISA_USAGE = YES_ERROR;
				CLANG_WARN_DOCUMENTATION_COMMENTS = YES;
				CLANG_WARN_EMPTY_BODY = YES;
				CLANG_WARN_ENUM_CONVERSION = YES;
				CLANG_WARN_INFINITE_RECURSION = YES;
				CLANG_WARN_INT_CONVERSION = YES;
				CLANG_WARN_NON_LITERAL_NULL_CONVERSION = YES;
				CLANG_WARN_OBJC_IMPLICIT_RETAIN_SELF = YES;
				CLANG_WARN_OBJC_LITERAL_CONVERSION = YES;
				CLANG_WARN_OBJC_ROOT_CLASS = YES_ERROR;
				CLANG_WARN_QUOTED_INCLUDE_IN_FRAMEWORK_HEADER = YES;
				CLANG_WARN_RANGE_LOOP_ANALYSIS = YES;
				CLANG_WARN_STRICT_PROTOTYPES = YES;
				CLANG_WARN_SUSPICIOUS_MOVE = YES;
				CLANG_WARN_UNGUARDED_AVAILABILITY = YES_AGGRESSIVE;
				CLANG_WARN_UNREACHABLE_CODE = YES;
				CLANG_WARN__DUPLICATE_METHOD_MATCH = YES;
				COPY_PHASE_STRIP = NO;
				DEBUG_INFORMATION_FORMAT = dwarf;
				ENABLE_STRICT_OBJC_MSGSEND = YES;
				ENABLE_TESTABILITY = YES;
				GCC_C_LANGUAGE_STANDARD = gnu11;
				GCC_DYNAMIC_NO_PIC = NO;
				GCC_NO_COMMON_BLOCKS = YES;
				GCC_OPTIMIZATION_LEVEL = 0;
				GCC_PREPROCESSOR_DEFINITIONS = (
					"DEBUG=1",
					"$(inherited)",
				);
				GCC_WARN_64_TO_32_BIT_CONVERSION = YES;
				GCC_WARN_ABOUT_RETURN_TYPE = YES_ERROR;
				GCC_WARN_UNDECLARED_SELECTOR = YES;
				GCC_WARN_UNINITIALIZED_AUTOS = YES_AGGRESSIVE;
				GCC_WARN_UNUSED_FUNCTION = YES;
				GCC_WARN_UNUSED_VARIABLE = YES;
				IPHONEOS_DEPLOYMENT_TARGET = 16.2;
				MTL_ENABLE_DEBUG_INFO = INCLUDE_SOURCE;
				MTL_FAST_MATH = YES;
				ONLY_ACTIVE_ARCH = YES;
				SDKROOT = iphoneos;
				SWIFT_ACTIVE_COMPILATION_CONDITIONS = DEBUG;
				SWIFT_OPTIMIZATION_LEVEL = "-Onone";
			};
			name = Debug;
		};
		FAA7918D2AC52EAB004DFC1F /* Release */ = {
			isa = XCBuildConfiguration;
			buildSettings = {
				ALWAYS_SEARCH_USER_PATHS = NO;
				CLANG_ANALYZER_NONNULL = YES;
				CLANG_ANALYZER_NUMBER_OBJECT_CONVERSION = YES_AGGRESSIVE;
				CLANG_CXX_LANGUAGE_STANDARD = "gnu++20";
				CLANG_ENABLE_MODULES = YES;
				CLANG_ENABLE_OBJC_ARC = YES;
				CLANG_ENABLE_OBJC_WEAK = YES;
				CLANG_WARN_BLOCK_CAPTURE_AUTORELEASING = YES;
				CLANG_WARN_BOOL_CONVERSION = YES;
				CLANG_WARN_COMMA = YES;
				CLANG_WARN_CONSTANT_CONVERSION = YES;
				CLANG_WARN_DEPRECATED_OBJC_IMPLEMENTATIONS = YES;
				CLANG_WARN_DIRECT_OBJC_ISA_USAGE = YES_ERROR;
				CLANG_WARN_DOCUMENTATION_COMMENTS = YES;
				CLANG_WARN_EMPTY_BODY = YES;
				CLANG_WARN_ENUM_CONVERSION = YES;
				CLANG_WARN_INFINITE_RECURSION = YES;
				CLANG_WARN_INT_CONVERSION = YES;
				CLANG_WARN_NON_LITERAL_NULL_CONVERSION = YES;
				CLANG_WARN_OBJC_IMPLICIT_RETAIN_SELF = YES;
				CLANG_WARN_OBJC_LITERAL_CONVERSION = YES;
				CLANG_WARN_OBJC_ROOT_CLASS = YES_ERROR;
				CLANG_WARN_QUOTED_INCLUDE_IN_FRAMEWORK_HEADER = YES;
				CLANG_WARN_RANGE_LOOP_ANALYSIS = YES;
				CLANG_WARN_STRICT_PROTOTYPES = YES;
				CLANG_WARN_SUSPICIOUS_MOVE = YES;
				CLANG_WARN_UNGUARDED_AVAILABILITY = YES_AGGRESSIVE;
				CLANG_WARN_UNREACHABLE_CODE = YES;
				CLANG_WARN__DUPLICATE_METHOD_MATCH = YES;
				COPY_PHASE_STRIP = NO;
				DEBUG_INFORMATION_FORMAT = "dwarf-with-dsym";
				ENABLE_NS_ASSERTIONS = NO;
				ENABLE_STRICT_OBJC_MSGSEND = YES;
				GCC_C_LANGUAGE_STANDARD = gnu11;
				GCC_NO_COMMON_BLOCKS = YES;
				GCC_WARN_64_TO_32_BIT_CONVERSION = YES;
				GCC_WARN_ABOUT_RETURN_TYPE = YES_ERROR;
				GCC_WARN_UNDECLARED_SELECTOR = YES;
				GCC_WARN_UNINITIALIZED_AUTOS = YES_AGGRESSIVE;
				GCC_WARN_UNUSED_FUNCTION = YES;
				GCC_WARN_UNUSED_VARIABLE = YES;
				IPHONEOS_DEPLOYMENT_TARGET = 16.2;
				MTL_ENABLE_DEBUG_INFO = NO;
				MTL_FAST_MATH = YES;
				SDKROOT = iphoneos;
				SWIFT_COMPILATION_MODE = wholemodule;
				SWIFT_OPTIMIZATION_LEVEL = "-O";
				VALIDATE_PRODUCT = YES;
			};
			name = Release;
		};
		FAA7918F2AC52EAB004DFC1F /* Debug */ = {
			isa = XCBuildConfiguration;
			buildSettings = {
				ASSETCATALOG_COMPILER_APPICON_NAME = AppIcon;
				ASSETCATALOG_COMPILER_GLOBAL_ACCENT_COLOR_NAME = AccentColor;
				CODE_SIGN_STYLE = Automatic;
				CURRENT_PROJECT_VERSION = 1;
				DEVELOPMENT_TEAM = YT98RL5YQN;
				GENERATE_INFOPLIST_FILE = YES;
				INFOPLIST_FILE = ZLCollectionLeftLayoutExample/Info.plist;
				INFOPLIST_KEY_UIApplicationSupportsIndirectInputEvents = YES;
				INFOPLIST_KEY_UILaunchStoryboardName = LaunchScreen;
				INFOPLIST_KEY_UISupportedInterfaceOrientations_iPad = "UIInterfaceOrientationPortrait UIInterfaceOrientationPortraitUpsideDown UIInterfaceOrientationLandscapeLeft UIInterfaceOrientationLandscapeRight";
				INFOPLIST_KEY_UISupportedInterfaceOrientations_iPhone = "UIInterfaceOrientationPortrait UIInterfaceOrientationLandscapeLeft UIInterfaceOrientationLandscapeRight";
				IPHONEOS_DEPLOYMENT_TARGET = 11.0;
				LD_RUNPATH_SEARCH_PATHS = (
					"$(inherited)",
					"@executable_path/Frameworks",
				);
				MARKETING_VERSION = 1.0;
				PRODUCT_BUNDLE_IDENTIFIER = com.kexinkeqing.swiftstl.example.ZLCollectionLeftLayoutExample;
				PRODUCT_NAME = "$(TARGET_NAME)";
				SWIFT_EMIT_LOC_STRINGS = YES;
				SWIFT_VERSION = 5.0;
				TARGETED_DEVICE_FAMILY = "1,2";
			};
			name = Debug;
		};
		FAA791902AC52EAB004DFC1F /* Release */ = {
			isa = XCBuildConfiguration;
			buildSettings = {
				ASSETCATALOG_COMPILER_APPICON_NAME = AppIcon;
				ASSETCATALOG_COMPILER_GLOBAL_ACCENT_COLOR_NAME = AccentColor;
				CODE_SIGN_STYLE = Automatic;
				CURRENT_PROJECT_VERSION = 1;
				DEVELOPMENT_TEAM = YT98RL5YQN;
				GENERATE_INFOPLIST_FILE = YES;
				INFOPLIST_FILE = ZLCollectionLeftLayoutExample/Info.plist;
				INFOPLIST_KEY_UIApplicationSupportsIndirectInputEvents = YES;
				INFOPLIST_KEY_UILaunchStoryboardName = LaunchScreen;
				INFOPLIST_KEY_UISupportedInterfaceOrientations_iPad = "UIInterfaceOrientationPortrait UIInterfaceOrientationPortraitUpsideDown UIInterfaceOrientationLandscapeLeft UIInterfaceOrientationLandscapeRight";
				INFOPLIST_KEY_UISupportedInterfaceOrientations_iPhone = "UIInterfaceOrientationPortrait UIInterfaceOrientationLandscapeLeft UIInterfaceOrientationLandscapeRight";
				IPHONEOS_DEPLOYMENT_TARGET = 11.0;
				LD_RUNPATH_SEARCH_PATHS = (
					"$(inherited)",
					"@executable_path/Frameworks",
				);
				MARKETING_VERSION = 1.0;
				PRODUCT_BUNDLE_IDENTIFIER = com.kexinkeqing.swiftstl.example.ZLCollectionLeftLayoutExample;
				PRODUCT_NAME = "$(TARGET_NAME)";
				SWIFT_EMIT_LOC_STRINGS = YES;
				SWIFT_VERSION = 5.0;
				TARGETED_DEVICE_FAMILY = "1,2";
			};
			name = Release;
		};
		FAA791922AC52EAB004DFC1F /* Debug */ = {
			isa = XCBuildConfiguration;
			buildSettings = {
				ALWAYS_EMBED_SWIFT_STANDARD_LIBRARIES = YES;
				BUNDLE_LOADER = "$(TEST_HOST)";
				CODE_SIGN_STYLE = Automatic;
				CURRENT_PROJECT_VERSION = 1;
				DEVELOPMENT_TEAM = YT98RL5YQN;
				GENERATE_INFOPLIST_FILE = YES;
				IPHONEOS_DEPLOYMENT_TARGET = 16.2;
				MARKETING_VERSION = 1.0;
				PRODUCT_BUNDLE_IDENTIFIER = com.kexinkeqing.swiftstl.example.ZLCollectionLeftLayoutExampleTests;
				PRODUCT_NAME = "$(TARGET_NAME)";
				SWIFT_EMIT_LOC_STRINGS = NO;
				SWIFT_VERSION = 5.0;
				TARGETED_DEVICE_FAMILY = "1,2";
				TEST_HOST = "$(BUILT_PRODUCTS_DIR)/ZLCollectionLeftLayoutExample.app/$(BUNDLE_EXECUTABLE_FOLDER_PATH)/ZLCollectionLeftLayoutExample";
			};
			name = Debug;
		};
		FAA791932AC52EAB004DFC1F /* Release */ = {
			isa = XCBuildConfiguration;
			buildSettings = {
				ALWAYS_EMBED_SWIFT_STANDARD_LIBRARIES = YES;
				BUNDLE_LOADER = "$(TEST_HOST)";
				CODE_SIGN_STYLE = Automatic;
				CURRENT_PROJECT_VERSION = 1;
				DEVELOPMENT_TEAM = YT98RL5YQN;
				GENERATE_INFOPLIST_FILE = YES;
				IPHONEOS_DEPLOYMENT_TARGET = 16.2;
				MARKETING_VERSION = 1.0;
				PRODUCT_BUNDLE_IDENTIFIER = com.kexinkeqing.swiftstl.example.ZLCollectionLeftLayoutExampleTests;
				PRODUCT_NAME = "$(TARGET_NAME)";
				SWIFT_EMIT_LOC_STRINGS = NO;
				SWIFT_VERSION = 5.0;
				TARGETED_DEVICE_FAMILY = "1,2";
				TEST_HOST = "$(BUILT_PRODUCTS_DIR)/ZLCollectionLeftLayoutExample.app/$(BUNDLE_EXECUTABLE_FOLDER_PATH)/ZLCollectionLeftLayoutExample";
			};
			name = Release;
		};
		FAA791952AC52EAB004DFC1F /* Debug */ = {
			isa = XCBuildConfiguration;
			buildSettings = {
				ALWAYS_EMBED_SWIFT_STANDARD_LIBRARIES = YES;
				CODE_SIGN_STYLE = Automatic;
				CURRENT_PROJECT_VERSION = 1;
				DEVELOPMENT_TEAM = YT98RL5YQN;
				GENERATE_INFOPLIST_FILE = YES;
				MARKETING_VERSION = 1.0;
				PRODUCT_BUNDLE_IDENTIFIER = com.kexinkeqing.swiftstl.example.ZLCollectionLeftLayoutExampleUITests;
				PRODUCT_NAME = "$(TARGET_NAME)";
				SWIFT_EMIT_LOC_STRINGS = NO;
				SWIFT_VERSION = 5.0;
				TARGETED_DEVICE_FAMILY = "1,2";
				TEST_TARGET_NAME = ZLCollectionLeftLayoutExample;
			};
			name = Debug;
		};
		FAA791962AC52EAB004DFC1F /* Release */ = {
			isa = XCBuildConfiguration;
			buildSettings = {
				ALWAYS_EMBED_SWIFT_STANDARD_LIBRARIES = YES;
				CODE_SIGN_STYLE = Automatic;
				CURRENT_PROJECT_VERSION = 1;
				DEVELOPMENT_TEAM = YT98RL5YQN;
				GENERATE_INFOPLIST_FILE = YES;
				MARKETING_VERSION = 1.0;
				PRODUCT_BUNDLE_IDENTIFIER = com.kexinkeqing.swiftstl.example.ZLCollectionLeftLayoutExampleUITests;
				PRODUCT_NAME = "$(TARGET_NAME)";
				SWIFT_EMIT_LOC_STRINGS = NO;
				SWIFT_VERSION = 5.0;
				TARGETED_DEVICE_FAMILY = "1,2";
				TEST_TARGET_NAME = ZLCollectionLeftLayoutExample;
			};
			name = Release;
		};
/* End XCBuildConfiguration section */

/* Begin XCConfigurationList section */
		FAA7915F2AC52EA9004DFC1F /* Build configuration list for PBXProject "ZLCollectionLeftLayoutExample" */ = {
			isa = XCConfigurationList;
			buildConfigurations = (
				FAA7918C2AC52EAB004DFC1F /* Debug */,
				FAA7918D2AC52EAB004DFC1F /* Release */,
			);
			defaultConfigurationIsVisible = 0;
			defaultConfigurationName = Release;
		};
		FAA7918E2AC52EAB004DFC1F /* Build configuration list for PBXNativeTarget "ZLCollectionLeftLayoutExample" */ = {
			isa = XCConfigurationList;
			buildConfigurations = (
				FAA7918F2AC52EAB004DFC1F /* Debug */,
				FAA791902AC52EAB004DFC1F /* Release */,
			);
			defaultConfigurationIsVisible = 0;
			defaultConfigurationName = Release;
		};
		FAA791912AC52EAB004DFC1F /* Build configuration list for PBXNativeTarget "ZLCollectionLeftLayoutExampleTests" */ = {
			isa = XCConfigurationList;
			buildConfigurations = (
				FAA791922AC52EAB004DFC1F /* Debug */,
				FAA791932AC52EAB004DFC1F /* Release */,
			);
			defaultConfigurationIsVisible = 0;
			defaultConfigurationName = Release;
		};
		FAA791942AC52EAB004DFC1F /* Build configuration list for PBXNativeTarget "ZLCollectionLeftLayoutExampleUITests" */ = {
			isa = XCConfigurationList;
			buildConfigurations = (
				FAA791952AC52EAB004DFC1F /* Debug */,
				FAA791962AC52EAB004DFC1F /* Release */,
			);
			defaultConfigurationIsVisible = 0;
			defaultConfigurationName = Release;
		};
/* End XCConfigurationList section */
	};
	rootObject = FAA7915C2AC52EA9004DFC1F /* Project object */;
}
